
Microsoft Visual Studio Solution File, Format Version 12.00
# Visual Studio Version 17
VisualStudioVersion = 17.4.33122.133
MinimumVisualStudioVersion = 10.0.40219.1
Project("{9A19103F-16F7-4668-BE54-9A1E7A4F7556}") = "ClassList", "ClassList\ClassList.csproj", "{7393AB95-4704-42BD-AE29-71C41D43943C}"
EndProject
Project("{FAE04EC0-301F-11D3-BF4B-00C04F79EFBC}") = "ClassListTests", "ClassListTests\ClassListTests.csproj", "{B6E7A34E-5BAA-4CB2-BE68-7D25B6FDE9E7}"
EndProject
Global
	GlobalSection(SolutionConfigurationPlatforms) = preSolution
		Debug|Any CPU = Debug|Any CPU
		Release|Any CPU = Release|Any CPU
	EndGlobalSection
	GlobalSection(ProjectConfigurationPlatforms) = postSolution
		{7393AB95-4704-42BD-AE29-71C41D43943C}.Debug|Any CPU.ActiveCfg = Debug|Any CPU
		{7393AB95-4704-42BD-AE29-71C41D43943C}.Debug|Any CPU.Build.0 = Debug|Any CPU
		{7393AB95-4704-42BD-AE29-71C41D43943C}.Release|Any CPU.ActiveCfg = Release|Any CPU
		{7393AB95-4704-42BD-AE29-71C41D43943C}.Release|Any CPU.Build.0 = Release|Any CPU
		{B6E7A34E-5BAA-4CB2-BE68-7D25B6FDE9E7}.Debug|Any CPU.ActiveCfg = Debug|Any CPU
		{B6E7A34E-5BAA-4CB2-BE68-7D25B6FDE9E7}.Debug|Any CPU.Build.0 = Debug|Any CPU
		{B6E7A34E-5BAA-4CB2-BE68-7D25B6FDE9E7}.Release|Any CPU.ActiveCfg = Release|Any CPU
		{B6E7A34E-5BAA-4CB2-BE68-7D25B6FDE9E7}.Release|Any CPU.Build.0 = Release|Any CPU
	EndGlobalSection
	GlobalSection(SolutionProperties) = preSolution
		HideSolutionNode = FALSE
	EndGlobalSection
	GlobalSection(ExtensibilityGlobals) = postSolution
		SolutionGuid = {83118F1C-1F84-45DE-B4DF-833FEB3FF89D}
	EndGlobalSection
EndGlobal
